# This file is autogenerated, do not edit; changes may be undone by the next 'dep ensure'.


[[projects]]
  name = "github.com/tealeg/xlsx"
  packages = ["."]
  revision = "8be35264fa75a1bbe954ce51eba04f273e2c59e5"
  version = "v1.0.3"

[solve-meta]
  analyzer-name = "dep"
  analyzer-version = 1
  inputs-digest = "70cbe6d16aabad28372e515f365b2c68c6033ed65c0b1b7e5d23843fd3b5ab7e"
  solver-name = "gps-cdcl"
  solver-version = 1
