# This file is autogenerated, do not edit; changes may be undone by the next 'dep ensure'.


[[projects]]
  digest = "1:ce579162ae1341f3e5ab30c0dce767f28b1eb6a81359aad01723f1ba6b4becdf"
  name = "github.com/gofrs/uuid"
  packages = ["."]
  pruneopts = "UT"
  revision = "370558f003bfe29580cd0f698d8640daccdcc45c"
  version = "v3.1.1"

[solve-meta]
  analyzer-name = "dep"
  analyzer-version = 1
  input-imports = ["github.com/gofrs/uuid"]
  solver-name = "gps-cdcl"
  solver-version = 1
